
Microsoft Visual Studio Solution File, Format Version 12.00
# Visual Studio 15
VisualStudioVersion = 15.0.28010.2016
MinimumVisualStudioVersion = 10.0.40219.1
Project("{8BC9CEB8-8B4A-11D0-8D11-00A0C91BC942}") = "scAsmTool", "scAsmTool\scAsmTool.vcxproj", "{8652B03B-A497-46BC-9D0A-4EB5BB3E960A}"
EndProject
Global
	GlobalSection(SolutionConfigurationPlatforms) = preSolution
		Debug|x86 = Debug|x86
		Release|x86 = Release|x86
	EndGlobalSection
	GlobalSection(ProjectConfigurationPlatforms) = postSolution
		{8652B03B-A497-46BC-9D0A-4EB5BB3E960A}.Debug|x86.ActiveCfg = Debug|Win32
		{8652B03B-A497-46BC-9D0A-4EB5BB3E960A}.Debug|x86.Build.0 = Debug|Win32
		{8652B03B-A497-46BC-9D0A-4EB5BB3E960A}.Release|x86.ActiveCfg = Release|Win32
		{8652B03B-A497-46BC-9D0A-4EB5BB3E960A}.Release|x86.Build.0 = Release|Win32
	EndGlobalSection
	GlobalSection(SolutionProperties) = preSolution
		HideSolutionNode = FALSE
	EndGlobalSection
	GlobalSection(ExtensibilityGlobals) = postSolution
		SolutionGuid = {B514899A-7D70-4F72-ABC7-7F32990C2CCA}
	EndGlobalSection
EndGlobal
