
Microsoft Visual Studio Solution File, Format Version 12.00
# Visual Studio 2013
VisualStudioVersion = 12.0.40629.0
MinimumVisualStudioVersion = 10.0.40219.1
Project("{8BC9CEB8-8B4A-11D0-8D11-00A0C91BC942}") = "PAL3", "PAL3\PAL3.vcxproj", "{DF6ACF3F-A8D8-4470-BB79-194DE5ACE369}"
	ProjectSection(ProjectDependencies) = postProject
		{0C1CB014-1772-4E7F-8EBE-3421F21AC14C} = {0C1CB014-1772-4E7F-8EBE-3421F21AC14C}
	EndProjectSection
EndProject
Project("{8BC9CEB8-8B4A-11D0-8D11-00A0C91BC942}") = "PAL3patch", "PAL3patch\PAL3patch.vcxproj", "{0C1CB014-1772-4E7F-8EBE-3421F21AC14C}"
EndProject
Project("{8BC9CEB8-8B4A-11D0-8D11-00A0C91BC942}") = "PatchConfig", "PatchConfig\PatchConfig.vcxproj", "{0F062DA0-812B-40E6-AC21-00E44202E98B}"
EndProject
Global
	GlobalSection(SolutionConfigurationPlatforms) = preSolution
		Debug|Win32 = Debug|Win32
		Release|Win32 = Release|Win32
	EndGlobalSection
	GlobalSection(ProjectConfigurationPlatforms) = postSolution
		{DF6ACF3F-A8D8-4470-BB79-194DE5ACE369}.Debug|Win32.ActiveCfg = Debug|Win32
		{DF6ACF3F-A8D8-4470-BB79-194DE5ACE369}.Debug|Win32.Build.0 = Debug|Win32
		{DF6ACF3F-A8D8-4470-BB79-194DE5ACE369}.Release|Win32.ActiveCfg = Release|Win32
		{DF6ACF3F-A8D8-4470-BB79-194DE5ACE369}.Release|Win32.Build.0 = Release|Win32
		{0C1CB014-1772-4E7F-8EBE-3421F21AC14C}.Debug|Win32.ActiveCfg = Debug|Win32
		{0C1CB014-1772-4E7F-8EBE-3421F21AC14C}.Debug|Win32.Build.0 = Debug|Win32
		{0C1CB014-1772-4E7F-8EBE-3421F21AC14C}.Release|Win32.ActiveCfg = Release|Win32
		{0C1CB014-1772-4E7F-8EBE-3421F21AC14C}.Release|Win32.Build.0 = Release|Win32
		{0F062DA0-812B-40E6-AC21-00E44202E98B}.Debug|Win32.ActiveCfg = Debug|Win32
		{0F062DA0-812B-40E6-AC21-00E44202E98B}.Debug|Win32.Build.0 = Debug|Win32
		{0F062DA0-812B-40E6-AC21-00E44202E98B}.Release|Win32.ActiveCfg = Release|Win32
		{0F062DA0-812B-40E6-AC21-00E44202E98B}.Release|Win32.Build.0 = Release|Win32
	EndGlobalSection
	GlobalSection(SolutionProperties) = preSolution
		HideSolutionNode = FALSE
	EndGlobalSection
EndGlobal
