
Microsoft Visual Studio Solution File, Format Version 12.00
# Visual Studio 2013
VisualStudioVersion = 12.0.40629.0
MinimumVisualStudioVersion = 10.0.40219.1
Project("{8BC9CEB8-8B4A-11D0-8D11-00A0C91BC942}") = "PAL3", "PAL3\PAL3.vcxproj", "{DF6ACF3F-A8D8-4470-BB79-194DE5ACE369}"
	ProjectSection(ProjectDependencies) = postProject
		{0C1CB014-1772-4E7F-8EBE-3421F21AC14C} = {0C1CB014-1772-4E7F-8EBE-3421F21AC14C}
	EndProjectSection
EndProject
Project("{8BC9CEB8-8B4A-11D0-8D11-00A0C91BC942}") = "PAL3patch", "PAL3patch\PAL3patch.vcxproj", "{0C1CB014-1772-4E7F-8EBE-3421F21AC14C}"
EndProject
Project("{8BC9CEB8-8B4A-11D0-8D11-00A0C91BC942}") = "PatchConfig", "PatchConfig\PatchConfig.vcxproj", "{0F062DA0-812B-40E6-AC21-00E44202E98B}"
EndProject
Project("{8BC9CEB8-8B4A-11D0-8D11-00A0C91BC942}") = "PAL3A", "PAL3A\PAL3A.vcxproj", "{47B1F4BC-6893-4B4F-AA93-62E5D6FDE123}"
	ProjectSection(ProjectDependencies) = postProject
		{845FA497-9C06-4388-867F-95327192D9A3} = {845FA497-9C06-4388-867F-95327192D9A3}
	EndProjectSection
EndProject
Project("{8BC9CEB8-8B4A-11D0-8D11-00A0C91BC942}") = "PAL3Apatch", "PAL3Apatch\PAL3Apatch.vcxproj", "{845FA497-9C06-4388-867F-95327192D9A3}"
EndProject
Global
	GlobalSection(SolutionConfigurationPlatforms) = preSolution
		Debug_PAL3|Win32 = Debug_PAL3|Win32
		Debug_PAL3A|Win32 = Debug_PAL3A|Win32
		Release_PAL3|Win32 = Release_PAL3|Win32
		Release_PAL3A|Win32 = Release_PAL3A|Win32
	EndGlobalSection
	GlobalSection(ProjectConfigurationPlatforms) = postSolution
		{DF6ACF3F-A8D8-4470-BB79-194DE5ACE369}.Debug_PAL3|Win32.ActiveCfg = Debug|Win32
		{DF6ACF3F-A8D8-4470-BB79-194DE5ACE369}.Debug_PAL3|Win32.Build.0 = Debug|Win32
		{DF6ACF3F-A8D8-4470-BB79-194DE5ACE369}.Debug_PAL3A|Win32.ActiveCfg = Debug|Win32
		{DF6ACF3F-A8D8-4470-BB79-194DE5ACE369}.Release_PAL3|Win32.ActiveCfg = Release|Win32
		{DF6ACF3F-A8D8-4470-BB79-194DE5ACE369}.Release_PAL3|Win32.Build.0 = Release|Win32
		{DF6ACF3F-A8D8-4470-BB79-194DE5ACE369}.Release_PAL3A|Win32.ActiveCfg = Release|Win32
		{0C1CB014-1772-4E7F-8EBE-3421F21AC14C}.Debug_PAL3|Win32.ActiveCfg = Debug|Win32
		{0C1CB014-1772-4E7F-8EBE-3421F21AC14C}.Debug_PAL3|Win32.Build.0 = Debug|Win32
		{0C1CB014-1772-4E7F-8EBE-3421F21AC14C}.Debug_PAL3A|Win32.ActiveCfg = Debug|Win32
		{0C1CB014-1772-4E7F-8EBE-3421F21AC14C}.Release_PAL3|Win32.ActiveCfg = Release|Win32
		{0C1CB014-1772-4E7F-8EBE-3421F21AC14C}.Release_PAL3|Win32.Build.0 = Release|Win32
		{0C1CB014-1772-4E7F-8EBE-3421F21AC14C}.Release_PAL3A|Win32.ActiveCfg = Release|Win32
		{0F062DA0-812B-40E6-AC21-00E44202E98B}.Debug_PAL3|Win32.ActiveCfg = Debug_PAL3|Win32
		{0F062DA0-812B-40E6-AC21-00E44202E98B}.Debug_PAL3|Win32.Build.0 = Debug_PAL3|Win32
		{0F062DA0-812B-40E6-AC21-00E44202E98B}.Debug_PAL3A|Win32.ActiveCfg = Debug_PAL3A|Win32
		{0F062DA0-812B-40E6-AC21-00E44202E98B}.Debug_PAL3A|Win32.Build.0 = Debug_PAL3A|Win32
		{0F062DA0-812B-40E6-AC21-00E44202E98B}.Release_PAL3|Win32.ActiveCfg = Release_PAL3|Win32
		{0F062DA0-812B-40E6-AC21-00E44202E98B}.Release_PAL3|Win32.Build.0 = Release_PAL3|Win32
		{0F062DA0-812B-40E6-AC21-00E44202E98B}.Release_PAL3A|Win32.ActiveCfg = Release_PAL3A|Win32
		{0F062DA0-812B-40E6-AC21-00E44202E98B}.Release_PAL3A|Win32.Build.0 = Release_PAL3A|Win32
		{47B1F4BC-6893-4B4F-AA93-62E5D6FDE123}.Debug_PAL3|Win32.ActiveCfg = Debug|Win32
		{47B1F4BC-6893-4B4F-AA93-62E5D6FDE123}.Debug_PAL3A|Win32.ActiveCfg = Debug|Win32
		{47B1F4BC-6893-4B4F-AA93-62E5D6FDE123}.Debug_PAL3A|Win32.Build.0 = Debug|Win32
		{47B1F4BC-6893-4B4F-AA93-62E5D6FDE123}.Release_PAL3|Win32.ActiveCfg = Release|Win32
		{47B1F4BC-6893-4B4F-AA93-62E5D6FDE123}.Release_PAL3A|Win32.ActiveCfg = Release|Win32
		{47B1F4BC-6893-4B4F-AA93-62E5D6FDE123}.Release_PAL3A|Win32.Build.0 = Release|Win32
		{845FA497-9C06-4388-867F-95327192D9A3}.Debug_PAL3|Win32.ActiveCfg = Debug|Win32
		{845FA497-9C06-4388-867F-95327192D9A3}.Debug_PAL3A|Win32.ActiveCfg = Debug|Win32
		{845FA497-9C06-4388-867F-95327192D9A3}.Debug_PAL3A|Win32.Build.0 = Debug|Win32
		{845FA497-9C06-4388-867F-95327192D9A3}.Release_PAL3|Win32.ActiveCfg = Release|Win32
		{845FA497-9C06-4388-867F-95327192D9A3}.Release_PAL3A|Win32.ActiveCfg = Release|Win32
		{845FA497-9C06-4388-867F-95327192D9A3}.Release_PAL3A|Win32.Build.0 = Release|Win32
	EndGlobalSection
	GlobalSection(SolutionProperties) = preSolution
		HideSolutionNode = FALSE
	EndGlobalSection
EndGlobal
